
Microsoft Visual Studio Solution File, Format Version 12.00
Project("{FAE04EC0-301F-11D3-BF4B-00C04F79EFBC}") = "Application", "App\Code\Core\Application\Application.csproj", "{99F7D954-9828-4EAB-B5FF-DE220C9DC024}"
EndProject
Project("{FAE04EC0-301F-11D3-BF4B-00C04F79EFBC}") = "Eventing", "App\Code\Core\Eventing\Source\Eventing.csproj", "{D7559292-D30E-47B7-9C39-EB5C47650C46}"
EndProject
Project("{FAE04EC0-301F-11D3-BF4B-00C04F79EFBC}") = "EventingTests", "App\Code\Core\Eventing\Tests\EventingTests.csproj", "{26DB4F90-83D3-4E0A-9C72-771FFCD954FE}"
EndProject
Project("{FAE04EC0-301F-11D3-BF4B-00C04F79EFBC}") = "Sockets", "App\Code\Core\Sockets\Source\Sockets.csproj", "{359FAF34-2050-4313-BB27-8DDF0D4596E3}"
EndProject
Project("{FAE04EC0-301F-11D3-BF4B-00C04F79EFBC}") = "SharedUtils", "App\Code\Core\SharedUtils\Source\SharedUtils.csproj", "{FB391216-EE86-4A36-9590-4C08387E57B3}"
EndProject
Project("{FAE04EC0-301F-11D3-BF4B-00C04F79EFBC}") = "Kernel", "App\Code\Core\Kernel\Source\Kernel.csproj", "{655C75B8-CEF1-4827-901B-F47A73073203}"
EndProject
Project("{FAE04EC0-301F-11D3-BF4B-00C04F79EFBC}") = "Frontend", "App\Code\Core\Frontend\Source\Frontend.csproj", "{635CB714-EF99-4CE4-9B5D-D315B78E3BB0}"
EndProject
Project("{FAE04EC0-301F-11D3-BF4B-00C04F79EFBC}") = "LocalAppRegistry", "App\Code\Local\AppRegistry\Source\LocalAppRegistry.csproj", "{DE788A77-C6D0-4824-BB39-9D0A3A509A7E}"
EndProject
Project("{FAE04EC0-301F-11D3-BF4B-00C04F79EFBC}") = "ReactFrontend", "App\Code\Community\ReactFrontend\Source\ReactFrontend.csproj", "{D0BA3DE6-9A43-42FA-82B4-AEAF4C6C9973}"
EndProject
Project("{FAE04EC0-301F-11D3-BF4B-00C04F79EFBC}") = "UiIR", "App\Code\Core\UiIR\Source\UiIR.csproj", "{E6222DFD-E5B4-4FEC-B786-9BD1AB8076AA}"
EndProject
Project("{FAE04EC0-301F-11D3-BF4B-00C04F79EFBC}") = "TypeScript", "App\Code\Core\TypeScript\Source\TypeScript.csproj", "{FBD4F8FB-955C-47A0-8FAD-0DB17AA42A34}"
EndProject
Project("{FAE04EC0-301F-11D3-BF4B-00C04F79EFBC}") = "CommunityModuleRegistry", "App\Code\Community\CommunityModuleRegistry\Source\CommunityModuleRegistry.csproj", "{16D3BE6F-0E98-4E59-AED6-7E63C62A5F80}"
EndProject
Project("{FAE04EC0-301F-11D3-BF4B-00C04F79EFBC}") = "Auth", "App\Code\Core\Auth\Source\Auth.csproj", "{56899090-3624-4F7F-BBF0-D6E64E77DE4B}"
EndProject
Project("{FAE04EC0-301F-11D3-BF4B-00C04F79EFBC}") = "SQLite", "App\Code\Community\SQLite\Source\SQLite.csproj", "{100AE4D8-F0F6-4C12-8E06-4073C1CA7909}"
EndProject
Project("{FAE04EC0-301F-11D3-BF4B-00C04F79EFBC}") = "Pages", "App\Code\Community\Pages\Source\Pages.csproj", "{BD08D398-B1F3-43EB-89F7-A573E99D99F2}"
EndProject
Project("{FAE04EC0-301F-11D3-BF4B-00C04F79EFBC}") = "TypeScriptTests", "App\Code\Core\TypeScript\Tests\TypeScriptTests.csproj", "{EB0F97EA-A688-440A-A95E-FFA30BC99D0C}"
EndProject
Project("{FAE04EC0-301F-11D3-BF4B-00C04F79EFBC}") = "KernelTests", "App\Code\Core\Kernel\Tests\KernelTests.csproj", "{F8D52D42-D1D0-494A-AA2C-84E1D8C0B21C}"
EndProject
Project("{FAE04EC0-301F-11D3-BF4B-00C04F79EFBC}") = "Languages", "App\Code\Community\Languages\Source\Languages.csproj", "{E8B12B6C-AA0D-46FB-AF88-33443C553BD2}"
EndProject
Project("{FAE04EC0-301F-11D3-BF4B-00C04F79EFBC}") = "FlashCards", "App\Code\Local\FlashCards\Source\FlashCards.csproj", "{F761A42A-93E2-41DD-8A9C-F76C1A12A350}"
EndProject
Project("{FAE04EC0-301F-11D3-BF4B-00C04F79EFBC}") = "LLMFramework", "App\Code\Community\LLMFramework\Source\LLMFramework.csproj", "{FFCAD96D-A758-43F5-80CF-32445D4FDD2D}"
EndProject
Project("{FAE04EC0-301F-11D3-BF4B-00C04F79EFBC}") = "Ollama", "App\Code\Community\LLMProviders\Ollama\Source\Ollama.csproj", "{5D9B30C3-5CED-4D4A-851F-3694C3614E76}"
EndProject
Project("{FAE04EC0-301F-11D3-BF4B-00C04F79EFBC}") = "MusicTranslation", "App\Code\Community\MusicTranslation\Source\MusicTranslation.csproj", "{A6FE12A6-209C-46B8-BB1E-C6E2AA4D3086}"
EndProject
Project("{FAE04EC0-301F-11D3-BF4B-00C04F79EFBC}") = "Scenarios", "App\Code\Local\Scenarios\Source\Scenarios.csproj", "{CEE5F85E-152A-41B8-BB1B-5FC593852374}"
EndProject
Project("{FAE04EC0-301F-11D3-BF4B-00C04F79EFBC}") = "LeMessage", "App\Code\Community\LeMessage\Source\LeMessage.csproj", "{C969611C-B8B0-49BF-810A-3F7B891B5E58}"
EndProject
Project("{FAE04EC0-301F-11D3-BF4B-00C04F79EFBC}") = "HomeChat", "App\Code\Community\HomeChat\Source\HomeChat.csproj", "{BDB1F574-0818-4D9E-86D1-0A3764294FA6}"
EndProject
Project("{FAE04EC0-301F-11D3-BF4B-00C04F79EFBC}") = "AppAdmin", "App\Code\Core\AppAdmin\Source\AppAdmin.csproj", "{76122138-1439-448A-AFB8-95AE00D42221}"
EndProject
Global
	GlobalSection(SolutionConfigurationPlatforms) = preSolution
		Debug|Any CPU = Debug|Any CPU
		Release|Any CPU = Release|Any CPU
	EndGlobalSection
	GlobalSection(ProjectConfigurationPlatforms) = postSolution
		{99F7D954-9828-4EAB-B5FF-DE220C9DC024}.Debug|Any CPU.ActiveCfg = Debug|Any CPU
		{99F7D954-9828-4EAB-B5FF-DE220C9DC024}.Debug|Any CPU.Build.0 = Debug|Any CPU
		{99F7D954-9828-4EAB-B5FF-DE220C9DC024}.Release|Any CPU.ActiveCfg = Release|Any CPU
		{99F7D954-9828-4EAB-B5FF-DE220C9DC024}.Release|Any CPU.Build.0 = Release|Any CPU
		{D7559292-D30E-47B7-9C39-EB5C47650C46}.Debug|Any CPU.ActiveCfg = Debug|Any CPU
		{D7559292-D30E-47B7-9C39-EB5C47650C46}.Debug|Any CPU.Build.0 = Debug|Any CPU
		{D7559292-D30E-47B7-9C39-EB5C47650C46}.Release|Any CPU.ActiveCfg = Release|Any CPU
		{D7559292-D30E-47B7-9C39-EB5C47650C46}.Release|Any CPU.Build.0 = Release|Any CPU
		{26DB4F90-83D3-4E0A-9C72-771FFCD954FE}.Debug|Any CPU.ActiveCfg = Debug|Any CPU
		{26DB4F90-83D3-4E0A-9C72-771FFCD954FE}.Debug|Any CPU.Build.0 = Debug|Any CPU
		{26DB4F90-83D3-4E0A-9C72-771FFCD954FE}.Release|Any CPU.ActiveCfg = Release|Any CPU
		{26DB4F90-83D3-4E0A-9C72-771FFCD954FE}.Release|Any CPU.Build.0 = Release|Any CPU
		{01C6A653-A9D0-4BA6-AD8E-E2C570DBF0FE}.Debug|Any CPU.ActiveCfg = Debug|Any CPU
		{01C6A653-A9D0-4BA6-AD8E-E2C570DBF0FE}.Debug|Any CPU.Build.0 = Debug|Any CPU
		{01C6A653-A9D0-4BA6-AD8E-E2C570DBF0FE}.Release|Any CPU.ActiveCfg = Release|Any CPU
		{01C6A653-A9D0-4BA6-AD8E-E2C570DBF0FE}.Release|Any CPU.Build.0 = Release|Any CPU
		{AAB315CE-3482-430E-A8E9-CFFBB8F5095F}.Debug|Any CPU.ActiveCfg = Debug|Any CPU
		{AAB315CE-3482-430E-A8E9-CFFBB8F5095F}.Debug|Any CPU.Build.0 = Debug|Any CPU
		{AAB315CE-3482-430E-A8E9-CFFBB8F5095F}.Release|Any CPU.ActiveCfg = Release|Any CPU
		{AAB315CE-3482-430E-A8E9-CFFBB8F5095F}.Release|Any CPU.Build.0 = Release|Any CPU
		{0B80290D-05CA-416C-AA84-0A4FADF279DE}.Debug|Any CPU.ActiveCfg = Debug|Any CPU
		{0B80290D-05CA-416C-AA84-0A4FADF279DE}.Debug|Any CPU.Build.0 = Debug|Any CPU
		{0B80290D-05CA-416C-AA84-0A4FADF279DE}.Release|Any CPU.ActiveCfg = Release|Any CPU
		{0B80290D-05CA-416C-AA84-0A4FADF279DE}.Release|Any CPU.Build.0 = Release|Any CPU
		{80C1AA49-1247-4355-BFA8-8D17425D7FB5}.Debug|Any CPU.ActiveCfg = Debug|Any CPU
		{80C1AA49-1247-4355-BFA8-8D17425D7FB5}.Debug|Any CPU.Build.0 = Debug|Any CPU
		{80C1AA49-1247-4355-BFA8-8D17425D7FB5}.Release|Any CPU.ActiveCfg = Release|Any CPU
		{80C1AA49-1247-4355-BFA8-8D17425D7FB5}.Release|Any CPU.Build.0 = Release|Any CPU
		{21BEADCC-9084-49B7-BB30-1F4150DCA2C4}.Debug|Any CPU.ActiveCfg = Debug|Any CPU
		{21BEADCC-9084-49B7-BB30-1F4150DCA2C4}.Debug|Any CPU.Build.0 = Debug|Any CPU
		{21BEADCC-9084-49B7-BB30-1F4150DCA2C4}.Release|Any CPU.ActiveCfg = Release|Any CPU
		{21BEADCC-9084-49B7-BB30-1F4150DCA2C4}.Release|Any CPU.Build.0 = Release|Any CPU
		{F9641876-4CA2-421C-909B-3875DEF35CE3}.Debug|Any CPU.ActiveCfg = Debug|Any CPU
		{F9641876-4CA2-421C-909B-3875DEF35CE3}.Debug|Any CPU.Build.0 = Debug|Any CPU
		{F9641876-4CA2-421C-909B-3875DEF35CE3}.Release|Any CPU.ActiveCfg = Release|Any CPU
		{F9641876-4CA2-421C-909B-3875DEF35CE3}.Release|Any CPU.Build.0 = Release|Any CPU
		{359FAF34-2050-4313-BB27-8DDF0D4596E3}.Debug|Any CPU.ActiveCfg = Debug|Any CPU
		{359FAF34-2050-4313-BB27-8DDF0D4596E3}.Debug|Any CPU.Build.0 = Debug|Any CPU
		{359FAF34-2050-4313-BB27-8DDF0D4596E3}.Release|Any CPU.ActiveCfg = Release|Any CPU
		{359FAF34-2050-4313-BB27-8DDF0D4596E3}.Release|Any CPU.Build.0 = Release|Any CPU
		{FB391216-EE86-4A36-9590-4C08387E57B3}.Debug|Any CPU.ActiveCfg = Debug|Any CPU
		{FB391216-EE86-4A36-9590-4C08387E57B3}.Debug|Any CPU.Build.0 = Debug|Any CPU
		{FB391216-EE86-4A36-9590-4C08387E57B3}.Release|Any CPU.ActiveCfg = Release|Any CPU
		{FB391216-EE86-4A36-9590-4C08387E57B3}.Release|Any CPU.Build.0 = Release|Any CPU
		{655C75B8-CEF1-4827-901B-F47A73073203}.Debug|Any CPU.ActiveCfg = Debug|Any CPU
		{655C75B8-CEF1-4827-901B-F47A73073203}.Debug|Any CPU.Build.0 = Debug|Any CPU
		{655C75B8-CEF1-4827-901B-F47A73073203}.Release|Any CPU.ActiveCfg = Release|Any CPU
		{655C75B8-CEF1-4827-901B-F47A73073203}.Release|Any CPU.Build.0 = Release|Any CPU
		{635CB714-EF99-4CE4-9B5D-D315B78E3BB0}.Debug|Any CPU.ActiveCfg = Debug|Any CPU
		{635CB714-EF99-4CE4-9B5D-D315B78E3BB0}.Debug|Any CPU.Build.0 = Debug|Any CPU
		{635CB714-EF99-4CE4-9B5D-D315B78E3BB0}.Release|Any CPU.ActiveCfg = Release|Any CPU
		{635CB714-EF99-4CE4-9B5D-D315B78E3BB0}.Release|Any CPU.Build.0 = Release|Any CPU
		{DE788A77-C6D0-4824-BB39-9D0A3A509A7E}.Debug|Any CPU.ActiveCfg = Debug|Any CPU
		{DE788A77-C6D0-4824-BB39-9D0A3A509A7E}.Debug|Any CPU.Build.0 = Debug|Any CPU
		{DE788A77-C6D0-4824-BB39-9D0A3A509A7E}.Release|Any CPU.ActiveCfg = Release|Any CPU
		{DE788A77-C6D0-4824-BB39-9D0A3A509A7E}.Release|Any CPU.Build.0 = Release|Any CPU
		{D0BA3DE6-9A43-42FA-82B4-AEAF4C6C9973}.Debug|Any CPU.ActiveCfg = Debug|Any CPU
		{D0BA3DE6-9A43-42FA-82B4-AEAF4C6C9973}.Debug|Any CPU.Build.0 = Debug|Any CPU
		{D0BA3DE6-9A43-42FA-82B4-AEAF4C6C9973}.Release|Any CPU.ActiveCfg = Release|Any CPU
		{D0BA3DE6-9A43-42FA-82B4-AEAF4C6C9973}.Release|Any CPU.Build.0 = Release|Any CPU
		{E6222DFD-E5B4-4FEC-B786-9BD1AB8076AA}.Debug|Any CPU.ActiveCfg = Debug|Any CPU
		{E6222DFD-E5B4-4FEC-B786-9BD1AB8076AA}.Debug|Any CPU.Build.0 = Debug|Any CPU
		{E6222DFD-E5B4-4FEC-B786-9BD1AB8076AA}.Release|Any CPU.ActiveCfg = Release|Any CPU
		{E6222DFD-E5B4-4FEC-B786-9BD1AB8076AA}.Release|Any CPU.Build.0 = Release|Any CPU
		{FBD4F8FB-955C-47A0-8FAD-0DB17AA42A34}.Debug|Any CPU.ActiveCfg = Debug|Any CPU
		{FBD4F8FB-955C-47A0-8FAD-0DB17AA42A34}.Debug|Any CPU.Build.0 = Debug|Any CPU
		{FBD4F8FB-955C-47A0-8FAD-0DB17AA42A34}.Release|Any CPU.ActiveCfg = Release|Any CPU
		{FBD4F8FB-955C-47A0-8FAD-0DB17AA42A34}.Release|Any CPU.Build.0 = Release|Any CPU
		{16D3BE6F-0E98-4E59-AED6-7E63C62A5F80}.Debug|Any CPU.ActiveCfg = Debug|Any CPU
		{16D3BE6F-0E98-4E59-AED6-7E63C62A5F80}.Debug|Any CPU.Build.0 = Debug|Any CPU
		{16D3BE6F-0E98-4E59-AED6-7E63C62A5F80}.Release|Any CPU.ActiveCfg = Release|Any CPU
		{16D3BE6F-0E98-4E59-AED6-7E63C62A5F80}.Release|Any CPU.Build.0 = Release|Any CPU
		{BB92B302-12BA-472A-A5D9-BBBA68DD86EA}.Debug|Any CPU.ActiveCfg = Debug|Any CPU
		{BB92B302-12BA-472A-A5D9-BBBA68DD86EA}.Debug|Any CPU.Build.0 = Debug|Any CPU
		{BB92B302-12BA-472A-A5D9-BBBA68DD86EA}.Release|Any CPU.ActiveCfg = Release|Any CPU
		{BB92B302-12BA-472A-A5D9-BBBA68DD86EA}.Release|Any CPU.Build.0 = Release|Any CPU
		{56899090-3624-4F7F-BBF0-D6E64E77DE4B}.Debug|Any CPU.ActiveCfg = Debug|Any CPU
		{56899090-3624-4F7F-BBF0-D6E64E77DE4B}.Debug|Any CPU.Build.0 = Debug|Any CPU
		{56899090-3624-4F7F-BBF0-D6E64E77DE4B}.Release|Any CPU.ActiveCfg = Release|Any CPU
		{56899090-3624-4F7F-BBF0-D6E64E77DE4B}.Release|Any CPU.Build.0 = Release|Any CPU
		{100AE4D8-F0F6-4C12-8E06-4073C1CA7909}.Debug|Any CPU.ActiveCfg = Debug|Any CPU
		{100AE4D8-F0F6-4C12-8E06-4073C1CA7909}.Debug|Any CPU.Build.0 = Debug|Any CPU
		{100AE4D8-F0F6-4C12-8E06-4073C1CA7909}.Release|Any CPU.ActiveCfg = Release|Any CPU
		{100AE4D8-F0F6-4C12-8E06-4073C1CA7909}.Release|Any CPU.Build.0 = Release|Any CPU
		{BD08D398-B1F3-43EB-89F7-A573E99D99F2}.Debug|Any CPU.ActiveCfg = Debug|Any CPU
		{BD08D398-B1F3-43EB-89F7-A573E99D99F2}.Debug|Any CPU.Build.0 = Debug|Any CPU
		{BD08D398-B1F3-43EB-89F7-A573E99D99F2}.Release|Any CPU.ActiveCfg = Release|Any CPU
		{BD08D398-B1F3-43EB-89F7-A573E99D99F2}.Release|Any CPU.Build.0 = Release|Any CPU
		{EB0F97EA-A688-440A-A95E-FFA30BC99D0C}.Debug|Any CPU.ActiveCfg = Debug|Any CPU
		{EB0F97EA-A688-440A-A95E-FFA30BC99D0C}.Debug|Any CPU.Build.0 = Debug|Any CPU
		{EB0F97EA-A688-440A-A95E-FFA30BC99D0C}.Release|Any CPU.ActiveCfg = Release|Any CPU
		{EB0F97EA-A688-440A-A95E-FFA30BC99D0C}.Release|Any CPU.Build.0 = Release|Any CPU
		{F8D52D42-D1D0-494A-AA2C-84E1D8C0B21C}.Debug|Any CPU.ActiveCfg = Debug|Any CPU
		{F8D52D42-D1D0-494A-AA2C-84E1D8C0B21C}.Debug|Any CPU.Build.0 = Debug|Any CPU
		{F8D52D42-D1D0-494A-AA2C-84E1D8C0B21C}.Release|Any CPU.ActiveCfg = Release|Any CPU
		{F8D52D42-D1D0-494A-AA2C-84E1D8C0B21C}.Release|Any CPU.Build.0 = Release|Any CPU
		{9B952056-ACFD-4D45-87B8-89278141A14E}.Debug|Any CPU.ActiveCfg = Debug|Any CPU
		{9B952056-ACFD-4D45-87B8-89278141A14E}.Debug|Any CPU.Build.0 = Debug|Any CPU
		{9B952056-ACFD-4D45-87B8-89278141A14E}.Release|Any CPU.ActiveCfg = Release|Any CPU
		{9B952056-ACFD-4D45-87B8-89278141A14E}.Release|Any CPU.Build.0 = Release|Any CPU
		{E8B12B6C-AA0D-46FB-AF88-33443C553BD2}.Debug|Any CPU.ActiveCfg = Debug|Any CPU
		{E8B12B6C-AA0D-46FB-AF88-33443C553BD2}.Debug|Any CPU.Build.0 = Debug|Any CPU
		{E8B12B6C-AA0D-46FB-AF88-33443C553BD2}.Release|Any CPU.ActiveCfg = Release|Any CPU
		{E8B12B6C-AA0D-46FB-AF88-33443C553BD2}.Release|Any CPU.Build.0 = Release|Any CPU
		{F761A42A-93E2-41DD-8A9C-F76C1A12A350}.Debug|Any CPU.ActiveCfg = Debug|Any CPU
		{F761A42A-93E2-41DD-8A9C-F76C1A12A350}.Debug|Any CPU.Build.0 = Debug|Any CPU
		{F761A42A-93E2-41DD-8A9C-F76C1A12A350}.Release|Any CPU.ActiveCfg = Release|Any CPU
		{F761A42A-93E2-41DD-8A9C-F76C1A12A350}.Release|Any CPU.Build.0 = Release|Any CPU
		{FFCAD96D-A758-43F5-80CF-32445D4FDD2D}.Debug|Any CPU.ActiveCfg = Debug|Any CPU
		{FFCAD96D-A758-43F5-80CF-32445D4FDD2D}.Debug|Any CPU.Build.0 = Debug|Any CPU
		{FFCAD96D-A758-43F5-80CF-32445D4FDD2D}.Release|Any CPU.ActiveCfg = Release|Any CPU
		{FFCAD96D-A758-43F5-80CF-32445D4FDD2D}.Release|Any CPU.Build.0 = Release|Any CPU
		{5D9B30C3-5CED-4D4A-851F-3694C3614E76}.Debug|Any CPU.ActiveCfg = Debug|Any CPU
		{5D9B30C3-5CED-4D4A-851F-3694C3614E76}.Debug|Any CPU.Build.0 = Debug|Any CPU
		{5D9B30C3-5CED-4D4A-851F-3694C3614E76}.Release|Any CPU.ActiveCfg = Release|Any CPU
		{5D9B30C3-5CED-4D4A-851F-3694C3614E76}.Release|Any CPU.Build.0 = Release|Any CPU
		{A6FE12A6-209C-46B8-BB1E-C6E2AA4D3086}.Debug|Any CPU.ActiveCfg = Debug|Any CPU
		{A6FE12A6-209C-46B8-BB1E-C6E2AA4D3086}.Debug|Any CPU.Build.0 = Debug|Any CPU
		{A6FE12A6-209C-46B8-BB1E-C6E2AA4D3086}.Release|Any CPU.ActiveCfg = Release|Any CPU
		{A6FE12A6-209C-46B8-BB1E-C6E2AA4D3086}.Release|Any CPU.Build.0 = Release|Any CPU
		{CEE5F85E-152A-41B8-BB1B-5FC593852374}.Debug|Any CPU.ActiveCfg = Debug|Any CPU
		{CEE5F85E-152A-41B8-BB1B-5FC593852374}.Debug|Any CPU.Build.0 = Debug|Any CPU
		{CEE5F85E-152A-41B8-BB1B-5FC593852374}.Release|Any CPU.ActiveCfg = Release|Any CPU
		{CEE5F85E-152A-41B8-BB1B-5FC593852374}.Release|Any CPU.Build.0 = Release|Any CPU
		{C969611C-B8B0-49BF-810A-3F7B891B5E58}.Debug|Any CPU.ActiveCfg = Debug|Any CPU
		{C969611C-B8B0-49BF-810A-3F7B891B5E58}.Debug|Any CPU.Build.0 = Debug|Any CPU
		{C969611C-B8B0-49BF-810A-3F7B891B5E58}.Release|Any CPU.ActiveCfg = Release|Any CPU
		{C969611C-B8B0-49BF-810A-3F7B891B5E58}.Release|Any CPU.Build.0 = Release|Any CPU
		{BDB1F574-0818-4D9E-86D1-0A3764294FA6}.Debug|Any CPU.ActiveCfg = Debug|Any CPU
		{BDB1F574-0818-4D9E-86D1-0A3764294FA6}.Debug|Any CPU.Build.0 = Debug|Any CPU
		{BDB1F574-0818-4D9E-86D1-0A3764294FA6}.Release|Any CPU.ActiveCfg = Release|Any CPU
		{BDB1F574-0818-4D9E-86D1-0A3764294FA6}.Release|Any CPU.Build.0 = Release|Any CPU
		{76122138-1439-448A-AFB8-95AE00D42221}.Debug|Any CPU.ActiveCfg = Debug|Any CPU
		{76122138-1439-448A-AFB8-95AE00D42221}.Debug|Any CPU.Build.0 = Debug|Any CPU
		{76122138-1439-448A-AFB8-95AE00D42221}.Release|Any CPU.ActiveCfg = Release|Any CPU
		{76122138-1439-448A-AFB8-95AE00D42221}.Release|Any CPU.Build.0 = Release|Any CPU
	EndGlobalSection
EndGlobal
