
Microsoft Visual Studio Solution File, Format Version 12.00
Project("{FAE04EC0-301F-11D3-BF4B-00C04F79EFBC}") = "Application", "App\Code\Core\Application\Application.csproj", "{99F7D954-9828-4EAB-B5FF-DE220C9DC024}"
EndProject
Project("{FAE04EC0-301F-11D3-BF4B-00C04F79EFBC}") = "Source", "App\Code\Core\Eventing\Source\Source.csproj", "{D7559292-D30E-47B7-9C39-EB5C47650C46}"
EndProject
Project("{FAE04EC0-301F-11D3-BF4B-00C04F79EFBC}") = "Tests", "App\Code\Core\Eventing\Tests\Tests.csproj", "{26DB4F90-83D3-4E0A-9C72-771FFCD954FE}"
EndProject
Global
	GlobalSection(SolutionConfigurationPlatforms) = preSolution
		Debug|Any CPU = Debug|Any CPU
		Release|Any CPU = Release|Any CPU
	EndGlobalSection
	GlobalSection(ProjectConfigurationPlatforms) = postSolution
		{99F7D954-9828-4EAB-B5FF-DE220C9DC024}.Debug|Any CPU.ActiveCfg = Debug|Any CPU
		{99F7D954-9828-4EAB-B5FF-DE220C9DC024}.Debug|Any CPU.Build.0 = Debug|Any CPU
		{99F7D954-9828-4EAB-B5FF-DE220C9DC024}.Release|Any CPU.ActiveCfg = Release|Any CPU
		{99F7D954-9828-4EAB-B5FF-DE220C9DC024}.Release|Any CPU.Build.0 = Release|Any CPU
		{D7559292-D30E-47B7-9C39-EB5C47650C46}.Debug|Any CPU.ActiveCfg = Debug|Any CPU
		{D7559292-D30E-47B7-9C39-EB5C47650C46}.Debug|Any CPU.Build.0 = Debug|Any CPU
		{D7559292-D30E-47B7-9C39-EB5C47650C46}.Release|Any CPU.ActiveCfg = Release|Any CPU
		{D7559292-D30E-47B7-9C39-EB5C47650C46}.Release|Any CPU.Build.0 = Release|Any CPU
		{26DB4F90-83D3-4E0A-9C72-771FFCD954FE}.Debug|Any CPU.ActiveCfg = Debug|Any CPU
		{26DB4F90-83D3-4E0A-9C72-771FFCD954FE}.Debug|Any CPU.Build.0 = Debug|Any CPU
		{26DB4F90-83D3-4E0A-9C72-771FFCD954FE}.Release|Any CPU.ActiveCfg = Release|Any CPU
		{26DB4F90-83D3-4E0A-9C72-771FFCD954FE}.Release|Any CPU.Build.0 = Release|Any CPU
	EndGlobalSection
EndGlobal
